// !$*UTF8*$!
{
	archiveVersion = 1;
	classes = {
	};
	objectVersion = 56;
	objects = {

/* Begin PBXBuildFile section */
		84397C3829C36F23003FFF8E /* AppDelegate.swift in Sources */ = {isa = PBXBuildFile; fileRef = 84397C3729C36F23003FFF8E /* AppDelegate.swift */; };
		84397C3A29C36F23003FFF8E /* SceneDelegate.swift in Sources */ = {isa = PBXBuildFile; fileRef = 84397C3929C36F23003FFF8E /* SceneDelegate.swift */; };
		84397C3C29C36F23003FFF8E /* ViewController.swift in Sources */ = {isa = PBXBuildFile; fileRef = 84397C3B29C36F23003FFF8E /* ViewController.swift */; };
		84397C3F29C36F23003FFF8E /* Main.storyboard in Resources */ = {isa = PBXBuildFile; fileRef = 84397C3D29C36F23003FFF8E /* Main.storyboard */; };
		84397C4229C36F23003FFF8E /* gitHUBBBBB.xcdatamodeld in Sources */ = {isa = PBXBuildFile; fileRef = 84397C4029C36F23003FFF8E /* gitHUBBBBB.xcdatamodeld */; };
		84397C4429C36F25003FFF8E /* Assets.xcassets in Resources */ = {isa = PBXBuildFile; fileRef = 84397C4329C36F25003FFF8E /* Assets.xcassets */; };
		84397C4729C36F25003FFF8E /* LaunchScreen.storyboard in Resources */ = {isa = PBXBuildFile; fileRef = 84397C4529C36F25003FFF8E /* LaunchScreen.storyboard */; };
		84397C5229C36F25003FFF8E /* gitHUBBBBBTests.swift in Sources */ = {isa = PBXBuildFile; fileRef = 84397C5129C36F25003FFF8E /* gitHUBBBBBTests.swift */; };
		84397C5C29C36F26003FFF8E /* gitHUBBBBBUITests.swift in Sources */ = {isa = PBXBuildFile; fileRef = 84397C5B29C36F26003FFF8E /* gitHUBBBBBUITests.swift */; };
		84397C5E29C36F26003FFF8E /* gitHUBBBBBUITestsLaunchTests.swift in Sources */ = {isa = PBXBuildFile; fileRef = 84397C5D29C36F26003FFF8E /* gitHUBBBBBUITestsLaunchTests.swift */; };
/* End PBXBuildFile section */

/* Begin PBXContainerItemProxy section */
		84397C4E29C36F25003FFF8E /* PBXContainerItemProxy */ = {
			isa = PBXContainerItemProxy;
			containerPortal = 84397C2C29C36F23003FFF8E /* Project object */;
			proxyType = 1;
			remoteGlobalIDString = 84397C3329C36F23003FFF8E;
			remoteInfo = gitHUBBBBB;
		};
		84397C5829C36F26003FFF8E /* PBXContainerItemProxy */ = {
			isa = PBXContainerItemProxy;
			containerPortal = 84397C2C29C36F23003FFF8E /* Project object */;
			proxyType = 1;
			remoteGlobalIDString = 84397C3329C36F23003FFF8E;
			remoteInfo = gitHUBBBBB;
		};
/* End PBXContainerItemProxy section */

/* Begin PBXFileReference section */
		84397C3429C36F23003FFF8E /* gitHUBBBBB.app */ = {isa = PBXFileReference; explicitFileType = wrapper.application; includeInIndex = 0; path = gitHUBBBBB.app; sourceTree = BUILT_PRODUCTS_DIR; };
		84397C3729C36F23003FFF8E /* AppDelegate.swift */ = {isa = PBXFileReference; lastKnownFileType = sourcecode.swift; path = AppDelegate.swift; sourceTree = "<group>"; };
		84397C3929C36F23003FFF8E /* SceneDelegate.swift */ = {isa = PBXFileReference; lastKnownFileType = sourcecode.swift; path = SceneDelegate.swift; sourceTree = "<group>"; };
		84397C3B29C36F23003FFF8E /* ViewController.swift */ = {isa = PBXFileReference; lastKnownFileType = sourcecode.swift; path = ViewController.swift; sourceTree = "<group>"; };
		84397C3E29C36F23003FFF8E /* Base */ = {isa = PBXFileReference; lastKnownFileType = file.storyboard; name = Base; path = Base.lproj/Main.storyboard; sourceTree = "<group>"; };
		84397C4129C36F23003FFF8E /* gitHUBBBBB.xcdatamodel */ = {isa = PBXFileReference; lastKnownFileType = wrapper.xcdatamodel; path = gitHUBBBBB.xcdatamodel; sourceTree = "<group>"; };
		84397C4329C36F25003FFF8E /* Assets.xcassets */ = {isa = PBXFileReference; lastKnownFileType = folder.assetcatalog; path = Assets.xcassets; sourceTree = "<group>"; };
		84397C4629C36F25003FFF8E /* Base */ = {isa = PBXFileReference; lastKnownFileType = file.storyboard; name = Base; path = Base.lproj/LaunchScreen.storyboard; sourceTree = "<group>"; };
		84397C4829C36F25003FFF8E /* Info.plist */ = {isa = PBXFileReference; lastKnownFileType = text.plist.xml; path = Info.plist; sourceTree = "<group>"; };
		84397C4D29C36F25003FFF8E /* gitHUBBBBBTests.xctest */ = {isa = PBXFileReference; explicitFileType = wrapper.cfbundle; includeInIndex = 0; path = gitHUBBBBBTests.xctest; sourceTree = BUILT_PRODUCTS_DIR; };
		84397C5129C36F25003FFF8E /* gitHUBBBBBTests.swift */ = {isa = PBXFileReference; lastKnownFileType = sourcecode.swift; path = gitHUBBBBBTests.swift; sourceTree = "<group>"; };
		84397C5729C36F26003FFF8E /* gitHUBBBBBUITests.xctest */ = {isa = PBXFileReference; explicitFileType = wrapper.cfbundle; includeInIndex = 0; path = gitHUBBBBBUITests.xctest; sourceTree = BUILT_PRODUCTS_DIR; };
		84397C5B29C36F26003FFF8E /* gitHUBBBBBUITests.swift */ = {isa = PBXFileReference; lastKnownFileType = sourcecode.swift; path = gitHUBBBBBUITests.swift; sourceTree = "<group>"; };
		84397C5D29C36F26003FFF8E /* gitHUBBBBBUITestsLaunchTests.swift */ = {isa = PBXFileReference; lastKnownFileType = sourcecode.swift; path = gitHUBBBBBUITestsLaunchTests.swift; sourceTree = "<group>"; };
/* End PBXFileReference section */

/* Begin PBXFrameworksBuildPhase section */
		84397C3129C36F23003FFF8E /* Frameworks */ = {
			isa = PBXFrameworksBuildPhase;
			buildActionMask = 2147483647;
			files = (
			);
			runOnlyForDeploymentPostprocessing = 0;
		};
		84397C4A29C36F25003FFF8E /* Frameworks */ = {
			isa = PBXFrameworksBuildPhase;
			buildActionMask = 2147483647;
			files = (
			);
			runOnlyForDeploymentPostprocessing = 0;
		};
		84397C5429C36F26003FFF8E /* Frameworks */ = {
			isa = PBXFrameworksBuildPhase;
			buildActionMask = 2147483647;
			files = (
			);
			runOnlyForDeploymentPostprocessing = 0;
		};
/* End PBXFrameworksBuildPhase section */

/* Begin PBXGroup section */
		84397C2B29C36F23003FFF8E = {
			isa = PBXGroup;
			children = (
				84397C3629C36F23003FFF8E /* gitHUBBBBB */,
				84397C5029C36F25003FFF8E /* gitHUBBBBBTests */,
				84397C5A29C36F26003FFF8E /* gitHUBBBBBUITests */,
				84397C3529C36F23003FFF8E /* Products */,
			);
			sourceTree = "<group>";
		};
		84397C3529C36F23003FFF8E /* Products */ = {
			isa = PBXGroup;
			children = (
				84397C3429C36F23003FFF8E /* gitHUBBBBB.app */,
				84397C4D29C36F25003FFF8E /* gitHUBBBBBTests.xctest */,
				84397C5729C36F26003FFF8E /* gitHUBBBBBUITests.xctest */,
			);
			name = Products;
			sourceTree = "<group>";
		};
		84397C3629C36F23003FFF8E /* gitHUBBBBB */ = {
			isa = PBXGroup;
			children = (
				84397C3729C36F23003FFF8E /* AppDelegate.swift */,
				84397C3929C36F23003FFF8E /* SceneDelegate.swift */,
				84397C3B29C36F23003FFF8E /* ViewController.swift */,
				84397C3D29C36F23003FFF8E /* Main.storyboard */,
				84397C4329C36F25003FFF8E /* Assets.xcassets */,
				84397C4529C36F25003FFF8E /* LaunchScreen.storyboard */,
				84397C4829C36F25003FFF8E /* Info.plist */,
				84397C4029C36F23003FFF8E /* gitHUBBBBB.xcdatamodeld */,
			);
			path = gitHUBBBBB;
			sourceTree = "<group>";
		};
		84397C5029C36F25003FFF8E /* gitHUBBBBBTests */ = {
			isa = PBXGroup;
			children = (
				84397C5129C36F25003FFF8E /* gitHUBBBBBTests.swift */,
			);
			path = gitHUBBBBBTests;
			sourceTree = "<group>";
		};
		84397C5A29C36F26003FFF8E /* gitHUBBBBBUITests */ = {
			isa = PBXGroup;
			children = (
				84397C5B29C36F26003FFF8E /* gitHUBBBBBUITests.swift */,
				84397C5D29C36F26003FFF8E /* gitHUBBBBBUITestsLaunchTests.swift */,
			);
			path = gitHUBBBBBUITests;
			sourceTree = "<group>";
		};
/* End PBXGroup section */

/* Begin PBXNativeTarget section */
		84397C3329C36F23003FFF8E /* gitHUBBBBB */ = {
			isa = PBXNativeTarget;
			buildConfigurationList = 84397C6129C36F26003FFF8E /* Build configuration list for PBXNativeTarget "gitHUBBBBB" */;
			buildPhases = (
				84397C3029C36F23003FFF8E /* Sources */,
				84397C3129C36F23003FFF8E /* Frameworks */,
				84397C3229C36F23003FFF8E /* Resources */,
			);
			buildRules = (
			);
			dependencies = (
			);
			name = gitHUBBBBB;
			productName = gitHUBBBBB;
			productReference = 84397C3429C36F23003FFF8E /* gitHUBBBBB.app */;
			productType = "com.apple.product-type.application";
		};
		84397C4C29C36F25003FFF8E /* gitHUBBBBBTests */ = {
			isa = PBXNativeTarget;
			buildConfigurationList = 84397C6429C36F26003FFF8E /* Build configuration list for PBXNativeTarget "gitHUBBBBBTests" */;
			buildPhases = (
				84397C4929C36F25003FFF8E /* Sources */,
				84397C4A29C36F25003FFF8E /* Frameworks */,
				84397C4B29C36F25003FFF8E /* Resources */,
			);
			buildRules = (
			);
			dependencies = (
				84397C4F29C36F25003FFF8E /* PBXTargetDependency */,
			);
			name = gitHUBBBBBTests;
			productName = gitHUBBBBBTests;
			productReference = 84397C4D29C36F25003FFF8E /* gitHUBBBBBTests.xctest */;
			productType = "com.apple.product-type.bundle.unit-test";
		};
		84397C5629C36F26003FFF8E /* gitHUBBBBBUITests */ = {
			isa = PBXNativeTarget;
			buildConfigurationList = 84397C6729C36F26003FFF8E /* Build configuration list for PBXNativeTarget "gitHUBBBBBUITests" */;
			buildPhases = (
				84397C5329C36F26003FFF8E /* Sources */,
				84397C5429C36F26003FFF8E /* Frameworks */,
				84397C5529C36F26003FFF8E /* Resources */,
			);
			buildRules = (
			);
			dependencies = (
				84397C5929C36F26003FFF8E /* PBXTargetDependency */,
			);
			name = gitHUBBBBBUITests;
			productName = gitHUBBBBBUITests;
			productReference = 84397C5729C36F26003FFF8E /* gitHUBBBBBUITests.xctest */;
			productType = "com.apple.product-type.bundle.ui-testing";
		};
/* End PBXNativeTarget section */

/* Begin PBXProject section */
		84397C2C29C36F23003FFF8E /* Project object */ = {
			isa = PBXProject;
			attributes = {
				BuildIndependentTargetsInParallel = 1;
				LastSwiftUpdateCheck = 1420;
				LastUpgradeCheck = 1420;
				TargetAttributes = {
					84397C3329C36F23003FFF8E = {
						CreatedOnToolsVersion = 14.2;
					};
					84397C4C29C36F25003FFF8E = {
						CreatedOnToolsVersion = 14.2;
						TestTargetID = 84397C3329C36F23003FFF8E;
					};
					84397C5629C36F26003FFF8E = {
						CreatedOnToolsVersion = 14.2;
						TestTargetID = 84397C3329C36F23003FFF8E;
					};
				};
			};
			buildConfigurationList = 84397C2F29C36F23003FFF8E /* Build configuration list for PBXProject "gitHUBBBBB" */;
			compatibilityVersion = "Xcode 14.0";
			developmentRegion = en;
			hasScannedForEncodings = 0;
			knownRegions = (
				en,
				Base,
			);
			mainGroup = 84397C2B29C36F23003FFF8E;
			productRefGroup = 84397C3529C36F23003FFF8E /* Products */;
			projectDirPath = "";
			projectRoot = "";
			targets = (
				84397C3329C36F23003FFF8E /* gitHUBBBBB */,
				84397C4C29C36F25003FFF8E /* gitHUBBBBBTests */,
				84397C5629C36F26003FFF8E /* gitHUBBBBBUITests */,
			);
		};
/* End PBXProject section */

/* Begin PBXResourcesBuildPhase section */
		84397C3229C36F23003FFF8E /* Resources */ = {
			isa = PBXResourcesBuildPhase;
			buildActionMask = 2147483647;
			files = (
				84397C4729C36F25003FFF8E /* LaunchScreen.storyboard in Resources */,
				84397C4429C36F25003FFF8E /* Assets.xcassets in Resources */,
				84397C3F29C36F23003FFF8E /* Main.storyboard in Resources */,
			);
			runOnlyForDeploymentPostprocessing = 0;
		};
		84397C4B29C36F25003FFF8E /* Resources */ = {
			isa = PBXResourcesBuildPhase;
			buildActionMask = 2147483647;
			files = (
			);
			runOnlyForDeploymentPostprocessing = 0;
		};
		84397C5529C36F26003FFF8E /* Resources */ = {
			isa = PBXResourcesBuildPhase;
			buildActionMask = 2147483647;
			files = (
			);
			runOnlyForDeploymentPostprocessing = 0;
		};
/* End PBXResourcesBuildPhase section */

/* Begin PBXSourcesBuildPhase section */
		84397C3029C36F23003FFF8E /* Sources */ = {
			isa = PBXSourcesBuildPhase;
			buildActionMask = 2147483647;
			files = (
				84397C3C29C36F23003FFF8E /* ViewController.swift in Sources */,
				84397C3829C36F23003FFF8E /* AppDelegate.swift in Sources */,
				84397C4229C36F23003FFF8E /* gitHUBBBBB.xcdatamodeld in Sources */,
				84397C3A29C36F23003FFF8E /* SceneDelegate.swift in Sources */,
			);
			runOnlyForDeploymentPostprocessing = 0;
		};
		84397C4929C36F25003FFF8E /* Sources */ = {
			isa = PBXSourcesBuildPhase;
			buildActionMask = 2147483647;
			files = (
				84397C5229C36F25003FFF8E /* gitHUBBBBBTests.swift in Sources */,
			);
			runOnlyForDeploymentPostprocessing = 0;
		};
		84397C5329C36F26003FFF8E /* Sources */ = {
			isa = PBXSourcesBuildPhase;
			buildActionMask = 2147483647;
			files = (
				84397C5C29C36F26003FFF8E /* gitHUBBBBBUITests.swift in Sources */,
				84397C5E29C36F26003FFF8E /* gitHUBBBBBUITestsLaunchTests.swift in Sources */,
			);
			runOnlyForDeploymentPostprocessing = 0;
		};
/* End PBXSourcesBuildPhase section */

/* Begin PBXTargetDependency section */
		84397C4F29C36F25003FFF8E /* PBXTargetDependency */ = {
			isa = PBXTargetDependency;
			target = 84397C3329C36F23003FFF8E /* gitHUBBBBB */;
			targetProxy = 84397C4E29C36F25003FFF8E /* PBXContainerItemProxy */;
		};
		84397C5929C36F26003FFF8E /* PBXTargetDependency */ = {
			isa = PBXTargetDependency;
			target = 84397C3329C36F23003FFF8E /* gitHUBBBBB */;
			targetProxy = 84397C5829C36F26003FFF8E /* PBXContainerItemProxy */;
		};
/* End PBXTargetDependency section */

/* Begin PBXVariantGroup section */
		84397C3D29C36F23003FFF8E /* Main.storyboard */ = {
			isa = PBXVariantGroup;
			children = (
				84397C3E29C36F23003FFF8E /* Base */,
			);
			name = Main.storyboard;
			sourceTree = "<group>";
		};
		84397C4529C36F25003FFF8E /* LaunchScreen.storyboard */ = {
			isa = PBXVariantGroup;
			children = (
				84397C4629C36F25003FFF8E /* Base */,
			);
			name = LaunchScreen.storyboard;
			sourceTree = "<group>";
		};
/* End PBXVariantGroup section */

/* Begin XCBuildConfiguration section */
		84397C5F29C36F26003FFF8E /* Debug */ = {
			isa = XCBuildConfiguration;
			buildSettings = {
				ALWAYS_SEARCH_USER_PATHS = NO;
				CLANG_ANALYZER_NONNULL = YES;
				CLANG_ANALYZER_NUMBER_OBJECT_CONVERSION = YES_AGGRESSIVE;
				CLANG_CXX_LANGUAGE_STANDARD = "gnu++20";
				CLANG_ENABLE_MODULES = YES;
				CLANG_ENABLE_OBJC_ARC = YES;
				CLANG_ENABLE_OBJC_WEAK = YES;
				CLANG_WARN_BLOCK_CAPTURE_AUTORELEASING = YES;
				CLANG_WARN_BOOL_CONVERSION = YES;
				CLANG_WARN_COMMA = YES;
				CLANG_WARN_CONSTANT_CONVERSION = YES;
				CLANG_WARN_DEPRECATED_OBJC_IMPLEMENTATIONS = YES;
				CLANG_WARN_DIRECT_OBJC_ISA_USAGE = YES_ERROR;
				CLANG_WARN_DOCUMENTATION_COMMENTS = YES;
				CLANG_WARN_EMPTY_BODY = YES;
				CLANG_WARN_ENUM_CONVERSION = YES;
				CLANG_WARN_INFINITE_RECURSION = YES;
				CLANG_WARN_INT_CONVERSION = YES;
				CLANG_WARN_NON_LITERAL_NULL_CONVERSION = YES;
				CLANG_WARN_OBJC_IMPLICIT_RETAIN_SELF = YES;
				CLANG_WARN_OBJC_LITERAL_CONVERSION = YES;
				CLANG_WARN_OBJC_ROOT_CLASS = YES_ERROR;
				CLANG_WARN_QUOTED_INCLUDE_IN_FRAMEWORK_HEADER = YES;
				CLANG_WARN_RANGE_LOOP_ANALYSIS = YES;
				CLANG_WARN_STRICT_PROTOTYPES = YES;
				CLANG_WARN_SUSPICIOUS_MOVE = YES;
				CLANG_WARN_UNGUARDED_AVAILABILITY = YES_AGGRESSIVE;
				CLANG_WARN_UNREACHABLE_CODE = YES;
				CLANG_WARN__DUPLICATE_METHOD_MATCH = YES;
				COPY_PHASE_STRIP = NO;
				DEBUG_INFORMATION_FORMAT = dwarf;
				ENABLE_STRICT_OBJC_MSGSEND = YES;
				ENABLE_TESTABILITY = YES;
				GCC_C_LANGUAGE_STANDARD = gnu11;
				GCC_DYNAMIC_NO_PIC = NO;
				GCC_NO_COMMON_BLOCKS = YES;
				GCC_OPTIMIZATION_LEVEL = 0;
				GCC_PREPROCESSOR_DEFINITIONS = (
					"DEBUG=1",
					"$(inherited)",
				);
				GCC_WARN_64_TO_32_BIT_CONVERSION = YES;
				GCC_WARN_ABOUT_RETURN_TYPE = YES_ERROR;
				GCC_WARN_UNDECLARED_SELECTOR = YES;
				GCC_WARN_UNINITIALIZED_AUTOS = YES_AGGRESSIVE;
				GCC_WARN_UNUSED_FUNCTION = YES;
				GCC_WARN_UNUSED_VARIABLE = YES;
				IPHONEOS_DEPLOYMENT_TARGET = 16.2;
				MTL_ENABLE_DEBUG_INFO = INCLUDE_SOURCE;
				MTL_FAST_MATH = YES;
				ONLY_ACTIVE_ARCH = YES;
				SDKROOT = iphoneos;
				SWIFT_ACTIVE_COMPILATION_CONDITIONS = DEBUG;
				SWIFT_OPTIMIZATION_LEVEL = "-Onone";
			};
			name = Debug;
		};
		84397C6029C36F26003FFF8E /* Release */ = {
			isa = XCBuildConfiguration;
			buildSettings = {
				ALWAYS_SEARCH_USER_PATHS = NO;
				CLANG_ANALYZER_NONNULL = YES;
				CLANG_ANALYZER_NUMBER_OBJECT_CONVERSION = YES_AGGRESSIVE;
				CLANG_CXX_LANGUAGE_STANDARD = "gnu++20";
				CLANG_ENABLE_MODULES = YES;
				CLANG_ENABLE_OBJC_ARC = YES;
				CLANG_ENABLE_OBJC_WEAK = YES;
				CLANG_WARN_BLOCK_CAPTURE_AUTORELEASING = YES;
				CLANG_WARN_BOOL_CONVERSION = YES;
				CLANG_WARN_COMMA = YES;
				CLANG_WARN_CONSTANT_CONVERSION = YES;
				CLANG_WARN_DEPRECATED_OBJC_IMPLEMENTATIONS = YES;
				CLANG_WARN_DIRECT_OBJC_ISA_USAGE = YES_ERROR;
				CLANG_WARN_DOCUMENTATION_COMMENTS = YES;
				CLANG_WARN_EMPTY_BODY = YES;
				CLANG_WARN_ENUM_CONVERSION = YES;
				CLANG_WARN_INFINITE_RECURSION = YES;
				CLANG_WARN_INT_CONVERSION = YES;
				CLANG_WARN_NON_LITERAL_NULL_CONVERSION = YES;
				CLANG_WARN_OBJC_IMPLICIT_RETAIN_SELF = YES;
				CLANG_WARN_OBJC_LITERAL_CONVERSION = YES;
				CLANG_WARN_OBJC_ROOT_CLASS = YES_ERROR;
				CLANG_WARN_QUOTED_INCLUDE_IN_FRAMEWORK_HEADER = YES;
				CLANG_WARN_RANGE_LOOP_ANALYSIS = YES;
				CLANG_WARN_STRICT_PROTOTYPES = YES;
				CLANG_WARN_SUSPICIOUS_MOVE = YES;
				CLANG_WARN_UNGUARDED_AVAILABILITY = YES_AGGRESSIVE;
				CLANG_WARN_UNREACHABLE_CODE = YES;
				CLANG_WARN__DUPLICATE_METHOD_MATCH = YES;
				COPY_PHASE_STRIP = NO;
				DEBUG_INFORMATION_FORMAT = "dwarf-with-dsym";
				ENABLE_NS_ASSERTIONS = NO;
				ENABLE_STRICT_OBJC_MSGSEND = YES;
				GCC_C_LANGUAGE_STANDARD = gnu11;
				GCC_NO_COMMON_BLOCKS = YES;
				GCC_WARN_64_TO_32_BIT_CONVERSION = YES;
				GCC_WARN_ABOUT_RETURN_TYPE = YES_ERROR;
				GCC_WARN_UNDECLARED_SELECTOR = YES;
				GCC_WARN_UNINITIALIZED_AUTOS = YES_AGGRESSIVE;
				GCC_WARN_UNUSED_FUNCTION = YES;
				GCC_WARN_UNUSED_VARIABLE = YES;
				IPHONEOS_DEPLOYMENT_TARGET = 16.2;
				MTL_ENABLE_DEBUG_INFO = NO;
				MTL_FAST_MATH = YES;
				SDKROOT = iphoneos;
				SWIFT_COMPILATION_MODE = wholemodule;
				SWIFT_OPTIMIZATION_LEVEL = "-O";
				VALIDATE_PRODUCT = YES;
			};
			name = Release;
		};
		84397C6229C36F26003FFF8E /* Debug */ = {
			isa = XCBuildConfiguration;
			buildSettings = {
				ASSETCATALOG_COMPILER_APPICON_NAME = AppIcon;
				ASSETCATALOG_COMPILER_GLOBAL_ACCENT_COLOR_NAME = AccentColor;
				CODE_SIGN_STYLE = Automatic;
				CURRENT_PROJECT_VERSION = 1;
				GENERATE_INFOPLIST_FILE = YES;
				INFOPLIST_FILE = gitHUBBBBB/Info.plist;
				INFOPLIST_KEY_UIApplicationSupportsIndirectInputEvents = YES;
				INFOPLIST_KEY_UILaunchStoryboardName = LaunchScreen;
				INFOPLIST_KEY_UIMainStoryboardFile = Main;
				INFOPLIST_KEY_UISupportedInterfaceOrientations_iPad = "UIInterfaceOrientationPortrait UIInterfaceOrientationPortraitUpsideDown UIInterfaceOrientationLandscapeLeft UIInterfaceOrientationLandscapeRight";
				INFOPLIST_KEY_UISupportedInterfaceOrientations_iPhone = "UIInterfaceOrientationPortrait UIInterfaceOrientationLandscapeLeft UIInterfaceOrientationLandscapeRight";
				LD_RUNPATH_SEARCH_PATHS = (
					"$(inherited)",
					"@executable_path/Frameworks",
				);
				MARKETING_VERSION = 1.0;
				PRODUCT_BUNDLE_IDENTIFIER = test.com.gitHUBBBBB;
				PRODUCT_NAME = "$(TARGET_NAME)";
				SWIFT_EMIT_LOC_STRINGS = YES;
				SWIFT_VERSION = 5.0;
				TARGETED_DEVICE_FAMILY = "1,2";
			};
			name = Debug;
		};
		84397C6329C36F26003FFF8E /* Release */ = {
			isa = XCBuildConfiguration;
			buildSettings = {
				ASSETCATALOG_COMPILER_APPICON_NAME = AppIcon;
				ASSETCATALOG_COMPILER_GLOBAL_ACCENT_COLOR_NAME = AccentColor;
				CODE_SIGN_STYLE = Automatic;
				CURRENT_PROJECT_VERSION = 1;
				GENERATE_INFOPLIST_FILE = YES;
				INFOPLIST_FILE = gitHUBBBBB/Info.plist;
				INFOPLIST_KEY_UIApplicationSupportsIndirectInputEvents = YES;
				INFOPLIST_KEY_UILaunchStoryboardName = LaunchScreen;
				INFOPLIST_KEY_UIMainStoryboardFile = Main;
				INFOPLIST_KEY_UISupportedInterfaceOrientations_iPad = "UIInterfaceOrientationPortrait UIInterfaceOrientationPortraitUpsideDown UIInterfaceOrientationLandscapeLeft UIInterfaceOrientationLandscapeRight";
				INFOPLIST_KEY_UISupportedInterfaceOrientations_iPhone = "UIInterfaceOrientationPortrait UIInterfaceOrientationLandscapeLeft UIInterfaceOrientationLandscapeRight";
				LD_RUNPATH_SEARCH_PATHS = (
					"$(inherited)",
					"@executable_path/Frameworks",
				);
				MARKETING_VERSION = 1.0;
				PRODUCT_BUNDLE_IDENTIFIER = test.com.gitHUBBBBB;
				PRODUCT_NAME = "$(TARGET_NAME)";
				SWIFT_EMIT_LOC_STRINGS = YES;
				SWIFT_VERSION = 5.0;
				TARGETED_DEVICE_FAMILY = "1,2";
			};
			name = Release;
		};
		84397C6529C36F26003FFF8E /* Debug */ = {
			isa = XCBuildConfiguration;
			buildSettings = {
				ALWAYS_EMBED_SWIFT_STANDARD_LIBRARIES = YES;
				BUNDLE_LOADER = "$(TEST_HOST)";
				CODE_SIGN_STYLE = Automatic;
				CURRENT_PROJECT_VERSION = 1;
				GENERATE_INFOPLIST_FILE = YES;
				IPHONEOS_DEPLOYMENT_TARGET = 16.2;
				MARKETING_VERSION = 1.0;
				PRODUCT_BUNDLE_IDENTIFIER = test.com.gitHUBBBBBTests;
				PRODUCT_NAME = "$(TARGET_NAME)";
				SWIFT_EMIT_LOC_STRINGS = NO;
				SWIFT_VERSION = 5.0;
				TARGETED_DEVICE_FAMILY = "1,2";
				TEST_HOST = "$(BUILT_PRODUCTS_DIR)/gitHUBBBBB.app/$(BUNDLE_EXECUTABLE_FOLDER_PATH)/gitHUBBBBB";
			};
			name = Debug;
		};
		84397C6629C36F26003FFF8E /* Release */ = {
			isa = XCBuildConfiguration;
			buildSettings = {
				ALWAYS_EMBED_SWIFT_STANDARD_LIBRARIES = YES;
				BUNDLE_LOADER = "$(TEST_HOST)";
				CODE_SIGN_STYLE = Automatic;
				CURRENT_PROJECT_VERSION = 1;
				GENERATE_INFOPLIST_FILE = YES;
				IPHONEOS_DEPLOYMENT_TARGET = 16.2;
				MARKETING_VERSION = 1.0;
				PRODUCT_BUNDLE_IDENTIFIER = test.com.gitHUBBBBBTests;
				PRODUCT_NAME = "$(TARGET_NAME)";
				SWIFT_EMIT_LOC_STRINGS = NO;
				SWIFT_VERSION = 5.0;
				TARGETED_DEVICE_FAMILY = "1,2";
				TEST_HOST = "$(BUILT_PRODUCTS_DIR)/gitHUBBBBB.app/$(BUNDLE_EXECUTABLE_FOLDER_PATH)/gitHUBBBBB";
			};
			name = Release;
		};
		84397C6829C36F26003FFF8E /* Debug */ = {
			isa = XCBuildConfiguration;
			buildSettings = {
				ALWAYS_EMBED_SWIFT_STANDARD_LIBRARIES = YES;
				CODE_SIGN_STYLE = Automatic;
				CURRENT_PROJECT_VERSION = 1;
				GENERATE_INFOPLIST_FILE = YES;
				MARKETING_VERSION = 1.0;
				PRODUCT_BUNDLE_IDENTIFIER = test.com.gitHUBBBBBUITests;
				PRODUCT_NAME = "$(TARGET_NAME)";
				SWIFT_EMIT_LOC_STRINGS = NO;
				SWIFT_VERSION = 5.0;
				TARGETED_DEVICE_FAMILY = "1,2";
				TEST_TARGET_NAME = gitHUBBBBB;
			};
			name = Debug;
		};
		84397C6929C36F26003FFF8E /* Release */ = {
			isa = XCBuildConfiguration;
			buildSettings = {
				ALWAYS_EMBED_SWIFT_STANDARD_LIBRARIES = YES;
				CODE_SIGN_STYLE = Automatic;
				CURRENT_PROJECT_VERSION = 1;
				GENERATE_INFOPLIST_FILE = YES;
				MARKETING_VERSION = 1.0;
				PRODUCT_BUNDLE_IDENTIFIER = test.com.gitHUBBBBBUITests;
				PRODUCT_NAME = "$(TARGET_NAME)";
				SWIFT_EMIT_LOC_STRINGS = NO;
				SWIFT_VERSION = 5.0;
				TARGETED_DEVICE_FAMILY = "1,2";
				TEST_TARGET_NAME = gitHUBBBBB;
			};
			name = Release;
		};
/* End XCBuildConfiguration section */

/* Begin XCConfigurationList section */
		84397C2F29C36F23003FFF8E /* Build configuration list for PBXProject "gitHUBBBBB" */ = {
			isa = XCConfigurationList;
			buildConfigurations = (
				84397C5F29C36F26003FFF8E /* Debug */,
				84397C6029C36F26003FFF8E /* Release */,
			);
			defaultConfigurationIsVisible = 0;
			defaultConfigurationName = Release;
		};
		84397C6129C36F26003FFF8E /* Build configuration list for PBXNativeTarget "gitHUBBBBB" */ = {
			isa = XCConfigurationList;
			buildConfigurations = (
				84397C6229C36F26003FFF8E /* Debug */,
				84397C6329C36F26003FFF8E /* Release */,
			);
			defaultConfigurationIsVisible = 0;
			defaultConfigurationName = Release;
		};
		84397C6429C36F26003FFF8E /* Build configuration list for PBXNativeTarget "gitHUBBBBBTests" */ = {
			isa = XCConfigurationList;
			buildConfigurations = (
				84397C6529C36F26003FFF8E /* Debug */,
				84397C6629C36F26003FFF8E /* Release */,
			);
			defaultConfigurationIsVisible = 0;
			defaultConfigurationName = Release;
		};
		84397C6729C36F26003FFF8E /* Build configuration list for PBXNativeTarget "gitHUBBBBBUITests" */ = {
			isa = XCConfigurationList;
			buildConfigurations = (
				84397C6829C36F26003FFF8E /* Debug */,
				84397C6929C36F26003FFF8E /* Release */,
			);
			defaultConfigurationIsVisible = 0;
			defaultConfigurationName = Release;
		};
/* End XCConfigurationList section */

/* Begin XCVersionGroup section */
		84397C4029C36F23003FFF8E /* gitHUBBBBB.xcdatamodeld */ = {
			isa = XCVersionGroup;
			children = (
				84397C4129C36F23003FFF8E /* gitHUBBBBB.xcdatamodel */,
			);
			currentVersion = 84397C4129C36F23003FFF8E /* gitHUBBBBB.xcdatamodel */;
			path = gitHUBBBBB.xcdatamodeld;
			sourceTree = "<group>";
			versionGroupType = wrapper.xcdatamodel;
		};
/* End XCVersionGroup section */
	};
	rootObject = 84397C2C29C36F23003FFF8E /* Project object */;
}
